
Microsoft Visual Studio Solution File, Format Version 12.00
# Visual Studio 2013
VisualStudioVersion = 12.0.40629.0
MinimumVisualStudioVersion = 10.0.40219.1
Project("{FAE04EC0-301F-11D3-BF4B-00C04F79EFBC}") = "Spreadsheet", "Spreadsheet\Spreadsheet.csproj", "{990D336D-92AF-4E78-AC49-E755D7D3FD0A}"
EndProject
Project("{FAE04EC0-301F-11D3-BF4B-00C04F79EFBC}") = "Resources", "Resources\Resources.csproj", "{29CCF8E7-E0E0-47F2-A2DD-01A6CD10A52A}"
EndProject
Global
	GlobalSection(SolutionConfigurationPlatforms) = preSolution
		Debug|Any CPU = Debug|Any CPU
		Release|Any CPU = Release|Any CPU
	EndGlobalSection
	GlobalSection(ProjectConfigurationPlatforms) = postSolution
		{990D336D-92AF-4E78-AC49-E755D7D3FD0A}.Debug|Any CPU.ActiveCfg = Debug|Any CPU
		{990D336D-92AF-4E78-AC49-E755D7D3FD0A}.Debug|Any CPU.Build.0 = Debug|Any CPU
		{990D336D-92AF-4E78-AC49-E755D7D3FD0A}.Release|Any CPU.ActiveCfg = Release|Any CPU
		{990D336D-92AF-4E78-AC49-E755D7D3FD0A}.Release|Any CPU.Build.0 = Release|Any CPU
		{29CCF8E7-E0E0-47F2-A2DD-01A6CD10A52A}.Debug|Any CPU.ActiveCfg = Debug|Any CPU
		{29CCF8E7-E0E0-47F2-A2DD-01A6CD10A52A}.Release|Any CPU.ActiveCfg = Release|Any CPU
		{29CCF8E7-E0E0-47F2-A2DD-01A6CD10A52A}.Release|Any CPU.Build.0 = Release|Any CPU
	EndGlobalSection
	GlobalSection(SolutionProperties) = preSolution
		HideSolutionNode = FALSE
	EndGlobalSection
EndGlobal
