
Microsoft Visual Studio Solution File, Format Version 12.00
# Visual Studio 14
VisualStudioVersion = 14.0.23107.0
MinimumVisualStudioVersion = 10.0.40219.1
Project("{FAE04EC0-301F-11D3-BF4B-00C04F79EFBC}") = "UnitTest1", "UnitTest1\UnitTest1.csproj", "{D558B470-B51B-49A8-8360-198B8AD98923}"
EndProject
Global
	GlobalSection(SolutionConfigurationPlatforms) = preSolution
		Debug|Any CPU = Debug|Any CPU
		Release|Any CPU = Release|Any CPU
	EndGlobalSection
	GlobalSection(ProjectConfigurationPlatforms) = postSolution
		{D558B470-B51B-49A8-8360-198B8AD98923}.Debug|Any CPU.ActiveCfg = Debug|Any CPU
		{D558B470-B51B-49A8-8360-198B8AD98923}.Debug|Any CPU.Build.0 = Debug|Any CPU
		{D558B470-B51B-49A8-8360-198B8AD98923}.Release|Any CPU.ActiveCfg = Release|Any CPU
		{D558B470-B51B-49A8-8360-198B8AD98923}.Release|Any CPU.Build.0 = Release|Any CPU
	EndGlobalSection
	GlobalSection(SolutionProperties) = preSolution
		HideSolutionNode = FALSE
	EndGlobalSection
EndGlobal
